
Microsoft Visual Studio Solution File, Format Version 12.00
# Visual Studio 15
VisualStudioVersion = 15.0.28307.902
MinimumVisualStudioVersion = 10.0.40219.1
Project("{FAE04EC0-301F-11D3-BF4B-00C04F79EFBC}") = "WpfApp40", "WpfApp40\WpfApp40.csproj", "{35EBE5AA-BB92-46EE-828C-5B05EAD97D9C}"
EndProject
Global
	GlobalSection(SolutionConfigurationPlatforms) = preSolution
		Debug|Any CPU = Debug|Any CPU
		Release|Any CPU = Release|Any CPU
	EndGlobalSection
	GlobalSection(ProjectConfigurationPlatforms) = postSolution
		{35EBE5AA-BB92-46EE-828C-5B05EAD97D9C}.Debug|Any CPU.ActiveCfg = Debug|Any CPU
		{35EBE5AA-BB92-46EE-828C-5B05EAD97D9C}.Debug|Any CPU.Build.0 = Debug|Any CPU
		{35EBE5AA-BB92-46EE-828C-5B05EAD97D9C}.Release|Any CPU.ActiveCfg = Release|Any CPU
		{35EBE5AA-BB92-46EE-828C-5B05EAD97D9C}.Release|Any CPU.Build.0 = Release|Any CPU
	EndGlobalSection
	GlobalSection(SolutionProperties) = preSolution
		HideSolutionNode = FALSE
	EndGlobalSection
	GlobalSection(ExtensibilityGlobals) = postSolution
		SolutionGuid = {682D0E60-D4E4-4CA8-8817-43641F68F3E8}
	EndGlobalSection
EndGlobal
